
Microsoft Visual Studio Solution File, Format Version 12.00
# Visual Studio 15
VisualStudioVersion = 15.0.28010.2048
MinimumVisualStudioVersion = 10.0.40219.1
Project("{9A19103F-16F7-4668-BE54-9A1E7A4F7556}") = "SCommerce.Domain", "SCommerce.Domain\SCommerce.Domain.csproj", "{96E53EA5-8D44-4819-8362-409F32DCD779}"
EndProject
Project("{9A19103F-16F7-4668-BE54-9A1E7A4F7556}") = "SCommerce.Infra.Data", "SCommerce.Infra.Data\SCommerce.Infra.Data.csproj", "{119679FE-0EA2-42EC-A0BF-801298BADC3C}"
EndProject
Project("{9A19103F-16F7-4668-BE54-9A1E7A4F7556}") = "SCommerce.Web", "SCommerce.Web\SCommerce.Web.csproj", "{33BB1C33-918A-4CA4-9A1D-3FCD19A6E238}"
EndProject
Project("{9A19103F-16F7-4668-BE54-9A1E7A4F7556}") = "bCommerce.b2SalesFashion", "bCommerce.b2SalesFashion\bCommerce.b2SalesFashion.csproj", "{58711DE0-928A-4217-9502-EBB519E559C7}"
EndProject
Global
	GlobalSection(SolutionConfigurationPlatforms) = preSolution
		Debug|Any CPU = Debug|Any CPU
		Release|Any CPU = Release|Any CPU
	EndGlobalSection
	GlobalSection(ProjectConfigurationPlatforms) = postSolution
		{96E53EA5-8D44-4819-8362-409F32DCD779}.Debug|Any CPU.ActiveCfg = Debug|Any CPU
		{96E53EA5-8D44-4819-8362-409F32DCD779}.Debug|Any CPU.Build.0 = Debug|Any CPU
		{96E53EA5-8D44-4819-8362-409F32DCD779}.Release|Any CPU.ActiveCfg = Release|Any CPU
		{96E53EA5-8D44-4819-8362-409F32DCD779}.Release|Any CPU.Build.0 = Release|Any CPU
		{119679FE-0EA2-42EC-A0BF-801298BADC3C}.Debug|Any CPU.ActiveCfg = Debug|Any CPU
		{119679FE-0EA2-42EC-A0BF-801298BADC3C}.Debug|Any CPU.Build.0 = Debug|Any CPU
		{119679FE-0EA2-42EC-A0BF-801298BADC3C}.Release|Any CPU.ActiveCfg = Release|Any CPU
		{119679FE-0EA2-42EC-A0BF-801298BADC3C}.Release|Any CPU.Build.0 = Release|Any CPU
		{33BB1C33-918A-4CA4-9A1D-3FCD19A6E238}.Debug|Any CPU.ActiveCfg = Debug|Any CPU
		{33BB1C33-918A-4CA4-9A1D-3FCD19A6E238}.Debug|Any CPU.Build.0 = Debug|Any CPU
		{33BB1C33-918A-4CA4-9A1D-3FCD19A6E238}.Release|Any CPU.ActiveCfg = Release|Any CPU
		{33BB1C33-918A-4CA4-9A1D-3FCD19A6E238}.Release|Any CPU.Build.0 = Release|Any CPU
		{58711DE0-928A-4217-9502-EBB519E559C7}.Debug|Any CPU.ActiveCfg = Debug|Any CPU
		{58711DE0-928A-4217-9502-EBB519E559C7}.Debug|Any CPU.Build.0 = Debug|Any CPU
		{58711DE0-928A-4217-9502-EBB519E559C7}.Release|Any CPU.ActiveCfg = Release|Any CPU
		{58711DE0-928A-4217-9502-EBB519E559C7}.Release|Any CPU.Build.0 = Release|Any CPU
	EndGlobalSection
	GlobalSection(SolutionProperties) = preSolution
		HideSolutionNode = FALSE
	EndGlobalSection
	GlobalSection(ExtensibilityGlobals) = postSolution
		SolutionGuid = {E849550A-AFD2-4BCC-9E8C-E1962150384F}
	EndGlobalSection
EndGlobal
